Microsoft Visual Studio Solution File, Format Version 12.00
# Visual Studio Version 17
VisualStudioVersion = 17.5.2.0
MinimumVisualStudioVersion = 10.0.40219.1
Project("{FAE04EC0-301F-11D3-BF4B-00C04F79EFBC}") = "EFgetStarted", "EFgetStarted.csproj", "{A28B3834-A5E6-815C-1550-9FD984878F53}"
EndProject
Global
	GlobalSection(SolutionConfigurationPlatforms) = preSolution
		Debug|Any CPU = Debug|Any CPU
		Release|Any CPU = Release|Any CPU
	EndGlobalSection
	GlobalSection(ProjectConfigurationPlatforms) = postSolution
		{A28B3834-A5E6-815C-1550-9FD984878F53}.Debug|Any CPU.ActiveCfg = Debug|Any CPU
		{A28B3834-A5E6-815C-1550-9FD984878F53}.Debug|Any CPU.Build.0 = Debug|Any CPU
		{A28B3834-A5E6-815C-1550-9FD984878F53}.Release|Any CPU.ActiveCfg = Release|Any CPU
		{A28B3834-A5E6-815C-1550-9FD984878F53}.Release|Any CPU.Build.0 = Release|Any CPU
	EndGlobalSection
	GlobalSection(SolutionProperties) = preSolution
		HideSolutionNode = FALSE
	EndGlobalSection
	GlobalSection(ExtensibilityGlobals) = postSolution
		SolutionGuid = {E00C78CF-7C99-4C2A-BDDA-8E2D83DF2E90}
	EndGlobalSection
EndGlobal
