Microsoft Visual Studio Solution File, Format Version 12.00
# Visual Studio Version 17
VisualStudioVersion = 17.5.2.0
MinimumVisualStudioVersion = 10.0.40219.1
Project("{FAE04EC0-301F-11D3-BF4B-00C04F79EFBC}") = "3.1.StringArray", "3.1.StringArray.csproj", "{754926BF-489A-544B-E355-199552C09DC5}"
EndProject
Global
	GlobalSection(SolutionConfigurationPlatforms) = preSolution
		Debug|Any CPU = Debug|Any CPU
		Release|Any CPU = Release|Any CPU
	EndGlobalSection
	GlobalSection(ProjectConfigurationPlatforms) = postSolution
		{754926BF-489A-544B-E355-199552C09DC5}.Debug|Any CPU.ActiveCfg = Debug|Any CPU
		{754926BF-489A-544B-E355-199552C09DC5}.Debug|Any CPU.Build.0 = Debug|Any CPU
		{754926BF-489A-544B-E355-199552C09DC5}.Release|Any CPU.ActiveCfg = Release|Any CPU
		{754926BF-489A-544B-E355-199552C09DC5}.Release|Any CPU.Build.0 = Release|Any CPU
	EndGlobalSection
	GlobalSection(SolutionProperties) = preSolution
		HideSolutionNode = FALSE
	EndGlobalSection
	GlobalSection(ExtensibilityGlobals) = postSolution
		SolutionGuid = {D1CC06CA-3253-4D04-92E9-6F04E87177AC}
	EndGlobalSection
EndGlobal
