Microsoft Visual Studio Solution File, Format Version 12.00
# Visual Studio Version 17
VisualStudioVersion = 17.5.2.0
MinimumVisualStudioVersion = 10.0.40219.1
Project("{FAE04EC0-301F-11D3-BF4B-00C04F79EFBC}") = "Exception", "Exception.csproj", "{EB896991-282A-CC5B-575E-D3A8AC95DA9C}"
EndProject
Global
	GlobalSection(SolutionConfigurationPlatforms) = preSolution
		Debug|Any CPU = Debug|Any CPU
		Release|Any CPU = Release|Any CPU
	EndGlobalSection
	GlobalSection(ProjectConfigurationPlatforms) = postSolution
		{EB896991-282A-CC5B-575E-D3A8AC95DA9C}.Debug|Any CPU.ActiveCfg = Debug|Any CPU
		{EB896991-282A-CC5B-575E-D3A8AC95DA9C}.Debug|Any CPU.Build.0 = Debug|Any CPU
		{EB896991-282A-CC5B-575E-D3A8AC95DA9C}.Release|Any CPU.ActiveCfg = Release|Any CPU
		{EB896991-282A-CC5B-575E-D3A8AC95DA9C}.Release|Any CPU.Build.0 = Release|Any CPU
	EndGlobalSection
	GlobalSection(SolutionProperties) = preSolution
		HideSolutionNode = FALSE
	EndGlobalSection
	GlobalSection(ExtensibilityGlobals) = postSolution
		SolutionGuid = {BF0B0512-265E-4400-9C0B-A1A5917DF7AD}
	EndGlobalSection
EndGlobal
