Microsoft Visual Studio Solution File, Format Version 12.00
# Visual Studio Version 17
VisualStudioVersion = 17.5.2.0
MinimumVisualStudioVersion = 10.0.40219.1
Project("{FAE04EC0-301F-11D3-BF4B-00C04F79EFBC}") = "3.2.Arrays", "3.2.Arrays.csproj", "{9A0685C5-9838-3B6F-A94A-4B1DF98E5897}"
EndProject
Global
	GlobalSection(SolutionConfigurationPlatforms) = preSolution
		Debug|Any CPU = Debug|Any CPU
		Release|Any CPU = Release|Any CPU
	EndGlobalSection
	GlobalSection(ProjectConfigurationPlatforms) = postSolution
		{9A0685C5-9838-3B6F-A94A-4B1DF98E5897}.Debug|Any CPU.ActiveCfg = Debug|Any CPU
		{9A0685C5-9838-3B6F-A94A-4B1DF98E5897}.Debug|Any CPU.Build.0 = Debug|Any CPU
		{9A0685C5-9838-3B6F-A94A-4B1DF98E5897}.Release|Any CPU.ActiveCfg = Release|Any CPU
		{9A0685C5-9838-3B6F-A94A-4B1DF98E5897}.Release|Any CPU.Build.0 = Release|Any CPU
	EndGlobalSection
	GlobalSection(SolutionProperties) = preSolution
		HideSolutionNode = FALSE
	EndGlobalSection
	GlobalSection(ExtensibilityGlobals) = postSolution
		SolutionGuid = {4B8D1453-FEEA-4A3E-885B-6AB5E1C0FBEA}
	EndGlobalSection
EndGlobal
