Microsoft Visual Studio Solution File, Format Version 12.00
# Visual Studio Version 17
VisualStudioVersion = 17.5.2.0
MinimumVisualStudioVersion = 10.0.40219.1
Project("{FAE04EC0-301F-11D3-BF4B-00C04F79EFBC}") = "NestedTypes", "NestedTypes.csproj", "{A14FD37F-CC7B-3998-5303-302355F93430}"
EndProject
Global
	GlobalSection(SolutionConfigurationPlatforms) = preSolution
		Debug|Any CPU = Debug|Any CPU
		Release|Any CPU = Release|Any CPU
	EndGlobalSection
	GlobalSection(ProjectConfigurationPlatforms) = postSolution
		{A14FD37F-CC7B-3998-5303-302355F93430}.Debug|Any CPU.ActiveCfg = Debug|Any CPU
		{A14FD37F-CC7B-3998-5303-302355F93430}.Debug|Any CPU.Build.0 = Debug|Any CPU
		{A14FD37F-CC7B-3998-5303-302355F93430}.Release|Any CPU.ActiveCfg = Release|Any CPU
		{A14FD37F-CC7B-3998-5303-302355F93430}.Release|Any CPU.Build.0 = Release|Any CPU
	EndGlobalSection
	GlobalSection(SolutionProperties) = preSolution
		HideSolutionNode = FALSE
	EndGlobalSection
	GlobalSection(ExtensibilityGlobals) = postSolution
		SolutionGuid = {C12AA1CC-7FA7-4A5D-A4AB-6A1D4BCB40A5}
	EndGlobalSection
EndGlobal
